// !$*UTF8*$!
{
	archiveVersion = 1;
	classes = {
	};
	objectVersion = 56;
	objects = {

/* Begin PBXBuildFile section */
		CB3C40CA291AA5B800098594 /* Eye_in_the_skyApp.swift in Sources */ = {isa = PBXBuildFile; fileRef = CB3C40C9291AA5B800098594 /* Eye_in_the_skyApp.swift */; };
		CB3C40CC291AA5B900098594 /* WeatherListView.swift in Sources */ = {isa = PBXBuildFile; fileRef = CB3C40CB291AA5B900098594 /* WeatherListView.swift */; };
		CB3C40CE291AA5BE00098594 /* Assets.xcassets in Resources */ = {isa = PBXBuildFile; fileRef = CB3C40CD291AA5BE00098594 /* Assets.xcassets */; };
		CB3C40D1291AA5BE00098594 /* Preview Assets.xcassets in Resources */ = {isa = PBXBuildFile; fileRef = CB3C40D0291AA5BE00098594 /* Preview Assets.xcassets */; };
		CB534770291AC1420009EDB9 /* Models.swift in Sources */ = {isa = PBXBuildFile; fileRef = CB53476F291AC1420009EDB9 /* Models.swift */; };
		CB534772291AC1680009EDB9 /* ViewModel.swift in Sources */ = {isa = PBXBuildFile; fileRef = CB534771291AC1680009EDB9 /* ViewModel.swift */; };
		CB534776291FFC0A0009EDB9 /* CellListView.swift in Sources */ = {isa = PBXBuildFile; fileRef = CB534775291FFC0A0009EDB9 /* CellListView.swift */; };
		CBAB77372920121F0007C597 /* LocalWeatherData.xcdatamodeld in Sources */ = {isa = PBXBuildFile; fileRef = CBAB77352920121F0007C597 /* LocalWeatherData.xcdatamodeld */; };
		CBAB7739292015640007C597 /* PersistenceController.swift in Sources */ = {isa = PBXBuildFile; fileRef = CBAB7738292015640007C597 /* PersistenceController.swift */; };
/* End PBXBuildFile section */

/* Begin PBXFileReference section */
		CB3C40C6291AA5B800098594 /* Eye in the sky.app */ = {isa = PBXFileReference; explicitFileType = wrapper.application; includeInIndex = 0; path = "Eye in the sky.app"; sourceTree = BUILT_PRODUCTS_DIR; };
		CB3C40C9291AA5B800098594 /* Eye_in_the_skyApp.swift */ = {isa = PBXFileReference; lastKnownFileType = sourcecode.swift; path = Eye_in_the_skyApp.swift; sourceTree = "<group>"; };
		CB3C40CB291AA5B900098594 /* WeatherListView.swift */ = {isa = PBXFileReference; lastKnownFileType = sourcecode.swift; path = WeatherListView.swift; sourceTree = "<group>"; };
		CB3C40CD291AA5BE00098594 /* Assets.xcassets */ = {isa = PBXFileReference; lastKnownFileType = folder.assetcatalog; path = Assets.xcassets; sourceTree = "<group>"; };
		CB3C40D0291AA5BE00098594 /* Preview Assets.xcassets */ = {isa = PBXFileReference; lastKnownFileType = folder.assetcatalog; path = "Preview Assets.xcassets"; sourceTree = "<group>"; };
		CB53476F291AC1420009EDB9 /* Models.swift */ = {isa = PBXFileReference; lastKnownFileType = sourcecode.swift; path = Models.swift; sourceTree = "<group>"; };
		CB534771291AC1680009EDB9 /* ViewModel.swift */ = {isa = PBXFileReference; lastKnownFileType = sourcecode.swift; path = ViewModel.swift; sourceTree = "<group>"; };
		CB534775291FFC0A0009EDB9 /* CellListView.swift */ = {isa = PBXFileReference; lastKnownFileType = sourcecode.swift; path = CellListView.swift; sourceTree = "<group>"; };
		CBAB77362920121F0007C597 /* LocalWeatherData.xcdatamodel */ = {isa = PBXFileReference; lastKnownFileType = wrapper.xcdatamodel; path = LocalWeatherData.xcdatamodel; sourceTree = "<group>"; };
		CBAB7738292015640007C597 /* PersistenceController.swift */ = {isa = PBXFileReference; lastKnownFileType = sourcecode.swift; path = PersistenceController.swift; sourceTree = "<group>"; };
/* End PBXFileReference section */

/* Begin PBXFrameworksBuildPhase section */
		CB3C40C3291AA5B800098594 /* Frameworks */ = {
			isa = PBXFrameworksBuildPhase;
			buildActionMask = 2147483647;
			files = (
			);
			runOnlyForDeploymentPostprocessing = 0;
		};
/* End PBXFrameworksBuildPhase section */

/* Begin PBXGroup section */
		CB3C40BD291AA5B800098594 = {
			isa = PBXGroup;
			children = (
				CB3C40C8291AA5B800098594 /* Eye in the sky */,
				CB3C40C7291AA5B800098594 /* Products */,
			);
			sourceTree = "<group>";
		};
		CB3C40C7291AA5B800098594 /* Products */ = {
			isa = PBXGroup;
			children = (
				CB3C40C6291AA5B800098594 /* Eye in the sky.app */,
			);
			name = Products;
			sourceTree = "<group>";
		};
		CB3C40C8291AA5B800098594 /* Eye in the sky */ = {
			isa = PBXGroup;
			children = (
				CB3C40C9291AA5B800098594 /* Eye_in_the_skyApp.swift */,
				CBAB77352920121F0007C597 /* LocalWeatherData.xcdatamodeld */,
				CBAB7738292015640007C597 /* PersistenceController.swift */,
				CB3C40CB291AA5B900098594 /* WeatherListView.swift */,
				CB534775291FFC0A0009EDB9 /* CellListView.swift */,
				CB534771291AC1680009EDB9 /* ViewModel.swift */,
				CB53476F291AC1420009EDB9 /* Models.swift */,
				CB3C40CD291AA5BE00098594 /* Assets.xcassets */,
				CB3C40CF291AA5BE00098594 /* Preview Content */,
			);
			path = "Eye in the sky";
			sourceTree = "<group>";
		};
		CB3C40CF291AA5BE00098594 /* Preview Content */ = {
			isa = PBXGroup;
			children = (
				CB3C40D0291AA5BE00098594 /* Preview Assets.xcassets */,
			);
			path = "Preview Content";
			sourceTree = "<group>";
		};
/* End PBXGroup section */

/* Begin PBXNativeTarget section */
		CB3C40C5291AA5B800098594 /* Eye in the sky */ = {
			isa = PBXNativeTarget;
			buildConfigurationList = CB3C40D4291AA5BE00098594 /* Build configuration list for PBXNativeTarget "Eye in the sky" */;
			buildPhases = (
				CB3C40C2291AA5B800098594 /* Sources */,
				CB3C40C3291AA5B800098594 /* Frameworks */,
				CB3C40C4291AA5B800098594 /* Resources */,
			);
			buildRules = (
			);
			dependencies = (
			);
			name = "Eye in the sky";
			productName = "Eye in the sky";
			productReference = CB3C40C6291AA5B800098594 /* Eye in the sky.app */;
			productType = "com.apple.product-type.application";
		};
/* End PBXNativeTarget section */

/* Begin PBXProject section */
		CB3C40BE291AA5B800098594 /* Project object */ = {
			isa = PBXProject;
			attributes = {
				BuildIndependentTargetsInParallel = 1;
				LastSwiftUpdateCheck = 1410;
				LastUpgradeCheck = 1410;
				TargetAttributes = {
					CB3C40C5291AA5B800098594 = {
						CreatedOnToolsVersion = 14.1;
					};
				};
			};
			buildConfigurationList = CB3C40C1291AA5B800098594 /* Build configuration list for PBXProject "Eye in the sky" */;
			compatibilityVersion = "Xcode 14.0";
			developmentRegion = en;
			hasScannedForEncodings = 0;
			knownRegions = (
				en,
				Base,
			);
			mainGroup = CB3C40BD291AA5B800098594;
			productRefGroup = CB3C40C7291AA5B800098594 /* Products */;
			projectDirPath = "";
			projectRoot = "";
			targets = (
				CB3C40C5291AA5B800098594 /* Eye in the sky */,
			);
		};
/* End PBXProject section */

/* Begin PBXResourcesBuildPhase section */
		CB3C40C4291AA5B800098594 /* Resources */ = {
			isa = PBXResourcesBuildPhase;
			buildActionMask = 2147483647;
			files = (
				CB3C40D1291AA5BE00098594 /* Preview Assets.xcassets in Resources */,
				CB3C40CE291AA5BE00098594 /* Assets.xcassets in Resources */,
			);
			runOnlyForDeploymentPostprocessing = 0;
		};
/* End PBXResourcesBuildPhase section */

/* Begin PBXSourcesBuildPhase section */
		CB3C40C2291AA5B800098594 /* Sources */ = {
			isa = PBXSourcesBuildPhase;
			buildActionMask = 2147483647;
			files = (
				CBAB77372920121F0007C597 /* LocalWeatherData.xcdatamodeld in Sources */,
				CBAB7739292015640007C597 /* PersistenceController.swift in Sources */,
				CB534770291AC1420009EDB9 /* Models.swift in Sources */,
				CB3C40CC291AA5B900098594 /* WeatherListView.swift in Sources */,
				CB534776291FFC0A0009EDB9 /* CellListView.swift in Sources */,
				CB534772291AC1680009EDB9 /* ViewModel.swift in Sources */,
				CB3C40CA291AA5B800098594 /* Eye_in_the_skyApp.swift in Sources */,
			);
			runOnlyForDeploymentPostprocessing = 0;
		};
/* End PBXSourcesBuildPhase section */

/* Begin XCBuildConfiguration section */
		CB3C40D2291AA5BE00098594 /* Debug */ = {
			isa = XCBuildConfiguration;
			buildSettings = {
				ALWAYS_SEARCH_USER_PATHS = NO;
				CLANG_ANALYZER_NONNULL = YES;
				CLANG_ANALYZER_NUMBER_OBJECT_CONVERSION = YES_AGGRESSIVE;
				CLANG_CXX_LANGUAGE_STANDARD = "gnu++20";
				CLANG_ENABLE_MODULES = YES;
				CLANG_ENABLE_OBJC_ARC = YES;
				CLANG_ENABLE_OBJC_WEAK = YES;
				CLANG_WARN_BLOCK_CAPTURE_AUTORELEASING = YES;
				CLANG_WARN_BOOL_CONVERSION = YES;
				CLANG_WARN_COMMA = YES;
				CLANG_WARN_CONSTANT_CONVERSION = YES;
				CLANG_WARN_DEPRECATED_OBJC_IMPLEMENTATIONS = YES;
				CLANG_WARN_DIRECT_OBJC_ISA_USAGE = YES_ERROR;
				CLANG_WARN_DOCUMENTATION_COMMENTS = YES;
				CLANG_WARN_EMPTY_BODY = YES;
				CLANG_WARN_ENUM_CONVERSION = YES;
				CLANG_WARN_INFINITE_RECURSION = YES;
				CLANG_WARN_INT_CONVERSION = YES;
				CLANG_WARN_NON_LITERAL_NULL_CONVERSION = YES;
				CLANG_WARN_OBJC_IMPLICIT_RETAIN_SELF = YES;
				CLANG_WARN_OBJC_LITERAL_CONVERSION = YES;
				CLANG_WARN_OBJC_ROOT_CLASS = YES_ERROR;
				CLANG_WARN_QUOTED_INCLUDE_IN_FRAMEWORK_HEADER = YES;
				CLANG_WARN_RANGE_LOOP_ANALYSIS = YES;
				CLANG_WARN_STRICT_PROTOTYPES = YES;
				CLANG_WARN_SUSPICIOUS_MOVE = YES;
				CLANG_WARN_UNGUARDED_AVAILABILITY = YES_AGGRESSIVE;
				CLANG_WARN_UNREACHABLE_CODE = YES;
				CLANG_WARN__DUPLICATE_METHOD_MATCH = YES;
				COPY_PHASE_STRIP = NO;
				DEBUG_INFORMATION_FORMAT = dwarf;
				ENABLE_STRICT_OBJC_MSGSEND = YES;
				ENABLE_TESTABILITY = YES;
				GCC_C_LANGUAGE_STANDARD = gnu11;
				GCC_DYNAMIC_NO_PIC = NO;
				GCC_NO_COMMON_BLOCKS = YES;
				GCC_OPTIMIZATION_LEVEL = 0;
				GCC_PREPROCESSOR_DEFINITIONS = (
					"DEBUG=1",
					"$(inherited)",
				);
				GCC_WARN_64_TO_32_BIT_CONVERSION = YES;
				GCC_WARN_ABOUT_RETURN_TYPE = YES_ERROR;
				GCC_WARN_UNDECLARED_SELECTOR = YES;
				GCC_WARN_UNINITIALIZED_AUTOS = YES_AGGRESSIVE;
				GCC_WARN_UNUSED_FUNCTION = YES;
				GCC_WARN_UNUSED_VARIABLE = YES;
				IPHONEOS_DEPLOYMENT_TARGET = 16.1;
				MTL_ENABLE_DEBUG_INFO = INCLUDE_SOURCE;
				MTL_FAST_MATH = YES;
				ONLY_ACTIVE_ARCH = YES;
				SDKROOT = iphoneos;
				SWIFT_ACTIVE_COMPILATION_CONDITIONS = DEBUG;
				SWIFT_OPTIMIZATION_LEVEL = "-Onone";
			};
			name = Debug;
		};
		CB3C40D3291AA5BE00098594 /* Release */ = {
			isa = XCBuildConfiguration;
			buildSettings = {
				ALWAYS_SEARCH_USER_PATHS = NO;
				CLANG_ANALYZER_NONNULL = YES;
				CLANG_ANALYZER_NUMBER_OBJECT_CONVERSION = YES_AGGRESSIVE;
				CLANG_CXX_LANGUAGE_STANDARD = "gnu++20";
				CLANG_ENABLE_MODULES = YES;
				CLANG_ENABLE_OBJC_ARC = YES;
				CLANG_ENABLE_OBJC_WEAK = YES;
				CLANG_WARN_BLOCK_CAPTURE_AUTORELEASING = YES;
				CLANG_WARN_BOOL_CONVERSION = YES;
				CLANG_WARN_COMMA = YES;
				CLANG_WARN_CONSTANT_CONVERSION = YES;
				CLANG_WARN_DEPRECATED_OBJC_IMPLEMENTATIONS = YES;
				CLANG_WARN_DIRECT_OBJC_ISA_USAGE = YES_ERROR;
				CLANG_WARN_DOCUMENTATION_COMMENTS = YES;
				CLANG_WARN_EMPTY_BODY = YES;
				CLANG_WARN_ENUM_CONVERSION = YES;
				CLANG_WARN_INFINITE_RECURSION = YES;
				CLANG_WARN_INT_CONVERSION = YES;
				CLANG_WARN_NON_LITERAL_NULL_CONVERSION = YES;
				CLANG_WARN_OBJC_IMPLICIT_RETAIN_SELF = YES;
				CLANG_WARN_OBJC_LITERAL_CONVERSION = YES;
				CLANG_WARN_OBJC_ROOT_CLASS = YES_ERROR;
				CLANG_WARN_QUOTED_INCLUDE_IN_FRAMEWORK_HEADER = YES;
				CLANG_WARN_RANGE_LOOP_ANALYSIS = YES;
				CLANG_WARN_STRICT_PROTOTYPES = YES;
				CLANG_WARN_SUSPICIOUS_MOVE = YES;
				CLANG_WARN_UNGUARDED_AVAILABILITY = YES_AGGRESSIVE;
				CLANG_WARN_UNREACHABLE_CODE = YES;
				CLANG_WARN__DUPLICATE_METHOD_MATCH = YES;
				COPY_PHASE_STRIP = NO;
				DEBUG_INFORMATION_FORMAT = "dwarf-with-dsym";
				ENABLE_NS_ASSERTIONS = NO;
				ENABLE_STRICT_OBJC_MSGSEND = YES;
				GCC_C_LANGUAGE_STANDARD = gnu11;
				GCC_NO_COMMON_BLOCKS = YES;
				GCC_WARN_64_TO_32_BIT_CONVERSION = YES;
				GCC_WARN_ABOUT_RETURN_TYPE = YES_ERROR;
				GCC_WARN_UNDECLARED_SELECTOR = YES;
				GCC_WARN_UNINITIALIZED_AUTOS = YES_AGGRESSIVE;
				GCC_WARN_UNUSED_FUNCTION = YES;
				GCC_WARN_UNUSED_VARIABLE = YES;
				IPHONEOS_DEPLOYMENT_TARGET = 16.1;
				MTL_ENABLE_DEBUG_INFO = NO;
				MTL_FAST_MATH = YES;
				SDKROOT = iphoneos;
				SWIFT_COMPILATION_MODE = wholemodule;
				SWIFT_OPTIMIZATION_LEVEL = "-O";
				VALIDATE_PRODUCT = YES;
			};
			name = Release;
		};
		CB3C40D5291AA5BE00098594 /* Debug */ = {
			isa = XCBuildConfiguration;
			buildSettings = {
				ASSETCATALOG_COMPILER_APPICON_NAME = AppIcon;
				ASSETCATALOG_COMPILER_GLOBAL_ACCENT_COLOR_NAME = AccentColor;
				CODE_SIGN_STYLE = Automatic;
				CURRENT_PROJECT_VERSION = 1;
				DEVELOPMENT_ASSET_PATHS = "\"Eye in the sky/Preview Content\"";
				DEVELOPMENT_TEAM = FSX322285W;
				ENABLE_PREVIEWS = YES;
				GENERATE_INFOPLIST_FILE = YES;
				INFOPLIST_KEY_UIApplicationSceneManifest_Generation = YES;
				INFOPLIST_KEY_UIApplicationSupportsIndirectInputEvents = YES;
				INFOPLIST_KEY_UILaunchScreen_Generation = YES;
				INFOPLIST_KEY_UISupportedInterfaceOrientations_iPad = "UIInterfaceOrientationPortrait UIInterfaceOrientationPortraitUpsideDown UIInterfaceOrientationLandscapeLeft UIInterfaceOrientationLandscapeRight";
				INFOPLIST_KEY_UISupportedInterfaceOrientations_iPhone = "UIInterfaceOrientationPortrait UIInterfaceOrientationLandscapeLeft UIInterfaceOrientationLandscapeRight";
				LD_RUNPATH_SEARCH_PATHS = (
					"$(inherited)",
					"@executable_path/Frameworks",
				);
				MARKETING_VERSION = 1.0;
				PRODUCT_BUNDLE_IDENTIFIER = "kitten.Eye-in-the-sky";
				PRODUCT_NAME = "$(TARGET_NAME)";
				SWIFT_EMIT_LOC_STRINGS = YES;
				SWIFT_VERSION = 5.0;
				TARGETED_DEVICE_FAMILY = "1,2";
			};
			name = Debug;
		};
		CB3C40D6291AA5BE00098594 /* Release */ = {
			isa = XCBuildConfiguration;
			buildSettings = {
				ASSETCATALOG_COMPILER_APPICON_NAME = AppIcon;
				ASSETCATALOG_COMPILER_GLOBAL_ACCENT_COLOR_NAME = AccentColor;
				CODE_SIGN_STYLE = Automatic;
				CURRENT_PROJECT_VERSION = 1;
				DEVELOPMENT_ASSET_PATHS = "\"Eye in the sky/Preview Content\"";
				DEVELOPMENT_TEAM = FSX322285W;
				ENABLE_PREVIEWS = YES;
				GENERATE_INFOPLIST_FILE = YES;
				INFOPLIST_KEY_UIApplicationSceneManifest_Generation = YES;
				INFOPLIST_KEY_UIApplicationSupportsIndirectInputEvents = YES;
				INFOPLIST_KEY_UILaunchScreen_Generation = YES;
				INFOPLIST_KEY_UISupportedInterfaceOrientations_iPad = "UIInterfaceOrientationPortrait UIInterfaceOrientationPortraitUpsideDown UIInterfaceOrientationLandscapeLeft UIInterfaceOrientationLandscapeRight";
				INFOPLIST_KEY_UISupportedInterfaceOrientations_iPhone = "UIInterfaceOrientationPortrait UIInterfaceOrientationLandscapeLeft UIInterfaceOrientationLandscapeRight";
				LD_RUNPATH_SEARCH_PATHS = (
					"$(inherited)",
					"@executable_path/Frameworks",
				);
				MARKETING_VERSION = 1.0;
				PRODUCT_BUNDLE_IDENTIFIER = "kitten.Eye-in-the-sky";
				PRODUCT_NAME = "$(TARGET_NAME)";
				SWIFT_EMIT_LOC_STRINGS = YES;
				SWIFT_VERSION = 5.0;
				TARGETED_DEVICE_FAMILY = "1,2";
			};
			name = Release;
		};
/* End XCBuildConfiguration section */

/* Begin XCConfigurationList section */
		CB3C40C1291AA5B800098594 /* Build configuration list for PBXProject "Eye in the sky" */ = {
			isa = XCConfigurationList;
			buildConfigurations = (
				CB3C40D2291AA5BE00098594 /* Debug */,
				CB3C40D3291AA5BE00098594 /* Release */,
			);
			defaultConfigurationIsVisible = 0;
			defaultConfigurationName = Release;
		};
		CB3C40D4291AA5BE00098594 /* Build configuration list for PBXNativeTarget "Eye in the sky" */ = {
			isa = XCConfigurationList;
			buildConfigurations = (
				CB3C40D5291AA5BE00098594 /* Debug */,
				CB3C40D6291AA5BE00098594 /* Release */,
			);
			defaultConfigurationIsVisible = 0;
			defaultConfigurationName = Release;
		};
/* End XCConfigurationList section */

/* Begin XCVersionGroup section */
		CBAB77352920121F0007C597 /* LocalWeatherData.xcdatamodeld */ = {
			isa = XCVersionGroup;
			children = (
				CBAB77362920121F0007C597 /* LocalWeatherData.xcdatamodel */,
			);
			currentVersion = CBAB77362920121F0007C597 /* LocalWeatherData.xcdatamodel */;
			path = LocalWeatherData.xcdatamodeld;
			sourceTree = "<group>";
			versionGroupType = wrapper.xcdatamodel;
		};
/* End XCVersionGroup section */
	};
	rootObject = CB3C40BE291AA5B800098594 /* Project object */;
}
